// !$*UTF8*$!
{
	archiveVersion = 1;
	classes = {
	};
	objectVersion = 51;
	objects = {

/* Begin PBXBuildFile section */
		0E9219E2250F800100CD001B /* AppDelegate.swift in Sources */ = {isa = PBXBuildFile; fileRef = 0E9219E1250F800100CD001B /* AppDelegate.swift */; };
		0E9219E8250F800300CD001B /* Assets.xcassets in Resources */ = {isa = PBXBuildFile; fileRef = 0E9219E7250F800300CD001B /* Assets.xcassets */; };
		0E9219EB250F800300CD001B /* Preview Assets.xcassets in Resources */ = {isa = PBXBuildFile; fileRef = 0E9219EA250F800300CD001B /* Preview Assets.xcassets */; };
		0E9219EE250F800300CD001B /* LaunchScreen.storyboard in Resources */ = {isa = PBXBuildFile; fileRef = 0E9219EC250F800300CD001B /* LaunchScreen.storyboard */; };
		0E9219F7250F829D00CD001B /* UIButtonDesignExtension.swift in Sources */ = {isa = PBXBuildFile; fileRef = 0E9219F6250F829D00CD001B /* UIButtonDesignExtension.swift */; };
		0E9219F9250F82DF00CD001B /* UIViewRoundCornerExtension.swift in Sources */ = {isa = PBXBuildFile; fileRef = 0E9219F8250F82DF00CD001B /* UIViewRoundCornerExtension.swift */; };
		0E9219FB250F830500CD001B /* UIColorInitExtension.swift in Sources */ = {isa = PBXBuildFile; fileRef = 0E9219FA250F830500CD001B /* UIColorInitExtension.swift */; };
		0E9219FE250F834E00CD001B /* Router.swift in Sources */ = {isa = PBXBuildFile; fileRef = 0E9219FD250F834E00CD001B /* Router.swift */; };
		0E921A00250F83CE00CD001B /* TabBarController.swift in Sources */ = {isa = PBXBuildFile; fileRef = 0E9219FF250F83CE00CD001B /* TabBarController.swift */; };
		0E921A02250F83FB00CD001B /* Main.storyboard in Resources */ = {isa = PBXBuildFile; fileRef = 0E921A01250F83FB00CD001B /* Main.storyboard */; };
		0E921A06250F846C00CD001B /* BaseNavigationController.swift in Sources */ = {isa = PBXBuildFile; fileRef = 0E921A05250F846C00CD001B /* BaseNavigationController.swift */; };
		0E921A08250F85B000CD001B /* BaseViewController.swift in Sources */ = {isa = PBXBuildFile; fileRef = 0E921A07250F85B000CD001B /* BaseViewController.swift */; };
		0E921A0A250F8ED200CD001B /* RootNavigationController.swift in Sources */ = {isa = PBXBuildFile; fileRef = 0E921A09250F8ED200CD001B /* RootNavigationController.swift */; };
		0E921A0C250F8F1500CD001B /* RootRouter.swift in Sources */ = {isa = PBXBuildFile; fileRef = 0E921A0B250F8F1500CD001B /* RootRouter.swift */; };
		0E921A0E250F8F7100CD001B /* UIStoryBoard+Create.swift in Sources */ = {isa = PBXBuildFile; fileRef = 0E921A0D250F8F7100CD001B /* UIStoryBoard+Create.swift */; };
		0E921A10250F91E500CD001B /* HomeViewController.swift in Sources */ = {isa = PBXBuildFile; fileRef = 0E921A0F250F91E500CD001B /* HomeViewController.swift */; };
		0E921A55250FAA8100CD001B /* TestViewController.swift in Sources */ = {isa = PBXBuildFile; fileRef = 0E921A54250FAA8100CD001B /* TestViewController.swift */; };
		249D7B231B12396E438B6976 /* Pods_fypApp.framework in Frameworks */ = {isa = PBXBuildFile; fileRef = 5B39C7B552B5EF2CEA1BB614 /* Pods_fypApp.framework */; };
/* End PBXBuildFile section */

/* Begin PBXFileReference section */
		0E9219DE250F800100CD001B /* fypApp.app */ = {isa = PBXFileReference; explicitFileType = wrapper.application; includeInIndex = 0; path = fypApp.app; sourceTree = BUILT_PRODUCTS_DIR; };
		0E9219E1250F800100CD001B /* AppDelegate.swift */ = {isa = PBXFileReference; lastKnownFileType = sourcecode.swift; path = AppDelegate.swift; sourceTree = "<group>"; };
		0E9219E7250F800300CD001B /* Assets.xcassets */ = {isa = PBXFileReference; lastKnownFileType = folder.assetcatalog; path = Assets.xcassets; sourceTree = "<group>"; };
		0E9219EA250F800300CD001B /* Preview Assets.xcassets */ = {isa = PBXFileReference; lastKnownFileType = folder.assetcatalog; path = "Preview Assets.xcassets"; sourceTree = "<group>"; };
		0E9219ED250F800300CD001B /* Base */ = {isa = PBXFileReference; lastKnownFileType = file.storyboard; name = Base; path = Base.lproj/LaunchScreen.storyboard; sourceTree = "<group>"; };
		0E9219EF250F800300CD001B /* Info.plist */ = {isa = PBXFileReference; lastKnownFileType = text.plist.xml; path = Info.plist; sourceTree = "<group>"; };
		0E9219F6250F829D00CD001B /* UIButtonDesignExtension.swift */ = {isa = PBXFileReference; lastKnownFileType = sourcecode.swift; path = UIButtonDesignExtension.swift; sourceTree = "<group>"; };
		0E9219F8250F82DF00CD001B /* UIViewRoundCornerExtension.swift */ = {isa = PBXFileReference; lastKnownFileType = sourcecode.swift; path = UIViewRoundCornerExtension.swift; sourceTree = "<group>"; };
		0E9219FA250F830500CD001B /* UIColorInitExtension.swift */ = {isa = PBXFileReference; lastKnownFileType = sourcecode.swift; path = UIColorInitExtension.swift; sourceTree = "<group>"; };
		0E9219FD250F834E00CD001B /* Router.swift */ = {isa = PBXFileReference; lastKnownFileType = sourcecode.swift; path = Router.swift; sourceTree = "<group>"; };
		0E9219FF250F83CE00CD001B /* TabBarController.swift */ = {isa = PBXFileReference; lastKnownFileType = sourcecode.swift; path = TabBarController.swift; sourceTree = "<group>"; };
		0E921A01250F83FB00CD001B /* Main.storyboard */ = {isa = PBXFileReference; lastKnownFileType = file.storyboard; path = Main.storyboard; sourceTree = "<group>"; };
		0E921A05250F846C00CD001B /* BaseNavigationController.swift */ = {isa = PBXFileReference; lastKnownFileType = sourcecode.swift; path = BaseNavigationController.swift; sourceTree = "<group>"; };
		0E921A07250F85B000CD001B /* BaseViewController.swift */ = {isa = PBXFileReference; lastKnownFileType = sourcecode.swift; path = BaseViewController.swift; sourceTree = "<group>"; };
		0E921A09250F8ED200CD001B /* RootNavigationController.swift */ = {isa = PBXFileReference; lastKnownFileType = sourcecode.swift; path = RootNavigationController.swift; sourceTree = "<group>"; };
		0E921A0B250F8F1500CD001B /* RootRouter.swift */ = {isa = PBXFileReference; lastKnownFileType = sourcecode.swift; path = RootRouter.swift; sourceTree = "<group>"; };
		0E921A0D250F8F7100CD001B /* UIStoryBoard+Create.swift */ = {isa = PBXFileReference; lastKnownFileType = sourcecode.swift; path = "UIStoryBoard+Create.swift"; sourceTree = "<group>"; };
		0E921A0F250F91E500CD001B /* HomeViewController.swift */ = {isa = PBXFileReference; lastKnownFileType = sourcecode.swift; path = HomeViewController.swift; sourceTree = "<group>"; };
		0E921A54250FAA8100CD001B /* TestViewController.swift */ = {isa = PBXFileReference; lastKnownFileType = sourcecode.swift; path = TestViewController.swift; sourceTree = "<group>"; };
		10A2072963DE02C1A4C05AC4 /* Pods-fypApp.debug.xcconfig */ = {isa = PBXFileReference; includeInIndex = 1; lastKnownFileType = text.xcconfig; name = "Pods-fypApp.debug.xcconfig"; path = "Target Support Files/Pods-fypApp/Pods-fypApp.debug.xcconfig"; sourceTree = "<group>"; };
		5B39C7B552B5EF2CEA1BB614 /* Pods_fypApp.framework */ = {isa = PBXFileReference; explicitFileType = wrapper.framework; includeInIndex = 0; path = Pods_fypApp.framework; sourceTree = BUILT_PRODUCTS_DIR; };
		CEE09A49A6B4F116CA2BEF4F /* Pods-fypApp.release.xcconfig */ = {isa = PBXFileReference; includeInIndex = 1; lastKnownFileType = text.xcconfig; name = "Pods-fypApp.release.xcconfig"; path = "Target Support Files/Pods-fypApp/Pods-fypApp.release.xcconfig"; sourceTree = "<group>"; };
/* End PBXFileReference section */

/* Begin PBXFrameworksBuildPhase section */
		0E9219DB250F800100CD001B /* Frameworks */ = {
			isa = PBXFrameworksBuildPhase;
			buildActionMask = 2147483647;
			files = (
				249D7B231B12396E438B6976 /* Pods_fypApp.framework in Frameworks */,
			);
			runOnlyForDeploymentPostprocessing = 0;
		};
/* End PBXFrameworksBuildPhase section */

/* Begin PBXGroup section */
		0211C27AAC46C0480895C469 /* Pods */ = {
			isa = PBXGroup;
			children = (
				10A2072963DE02C1A4C05AC4 /* Pods-fypApp.debug.xcconfig */,
				CEE09A49A6B4F116CA2BEF4F /* Pods-fypApp.release.xcconfig */,
			);
			path = Pods;
			sourceTree = "<group>";
		};
		0E9219D5250F800100CD001B = {
			isa = PBXGroup;
			children = (
				0E9219E0250F800100CD001B /* fypApp */,
				0E9219DF250F800100CD001B /* Products */,
				0211C27AAC46C0480895C469 /* Pods */,
				B9A8A5227B2FD0D9303A6484 /* Frameworks */,
			);
			sourceTree = "<group>";
		};
		0E9219DF250F800100CD001B /* Products */ = {
			isa = PBXGroup;
			children = (
				0E9219DE250F800100CD001B /* fypApp.app */,
			);
			name = Products;
			sourceTree = "<group>";
		};
		0E9219E0250F800100CD001B /* fypApp */ = {
			isa = PBXGroup;
			children = (
				0E921A03250F844300CD001B /* ViewController */,
				0E9219FC250F833600CD001B /* Router */,
				0E9219F5250F828300CD001B /* Extension */,
				0E9219E1250F800100CD001B /* AppDelegate.swift */,
				0E9219E7250F800300CD001B /* Assets.xcassets */,
				0E9219EC250F800300CD001B /* LaunchScreen.storyboard */,
				0E9219EF250F800300CD001B /* Info.plist */,
				0E9219E9250F800300CD001B /* Preview Content */,
				0E921A01250F83FB00CD001B /* Main.storyboard */,
			);
			path = fypApp;
			sourceTree = "<group>";
		};
		0E9219E9250F800300CD001B /* Preview Content */ = {
			isa = PBXGroup;
			children = (
				0E9219EA250F800300CD001B /* Preview Assets.xcassets */,
			);
			path = "Preview Content";
			sourceTree = "<group>";
		};
		0E9219F5250F828300CD001B /* Extension */ = {
			isa = PBXGroup;
			children = (
				0E9219F6250F829D00CD001B /* UIButtonDesignExtension.swift */,
				0E9219F8250F82DF00CD001B /* UIViewRoundCornerExtension.swift */,
				0E9219FA250F830500CD001B /* UIColorInitExtension.swift */,
				0E921A0D250F8F7100CD001B /* UIStoryBoard+Create.swift */,
			);
			path = Extension;
			sourceTree = "<group>";
		};
		0E9219FC250F833600CD001B /* Router */ = {
			isa = PBXGroup;
			children = (
				0E9219FD250F834E00CD001B /* Router.swift */,
				0E9219FF250F83CE00CD001B /* TabBarController.swift */,
				0E921A0B250F8F1500CD001B /* RootRouter.swift */,
			);
			path = Router;
			sourceTree = "<group>";
		};
		0E921A03250F844300CD001B /* ViewController */ = {
			isa = PBXGroup;
			children = (
				0E921A04250F845000CD001B /* NavigationController */,
				0E921A07250F85B000CD001B /* BaseViewController.swift */,
				0E921A0F250F91E500CD001B /* HomeViewController.swift */,
				0E921A54250FAA8100CD001B /* TestViewController.swift */,
			);
			path = ViewController;
			sourceTree = "<group>";
		};
		0E921A04250F845000CD001B /* NavigationController */ = {
			isa = PBXGroup;
			children = (
				0E921A05250F846C00CD001B /* BaseNavigationController.swift */,
				0E921A09250F8ED200CD001B /* RootNavigationController.swift */,
			);
			path = NavigationController;
			sourceTree = "<group>";
		};
		B9A8A5227B2FD0D9303A6484 /* Frameworks */ = {
			isa = PBXGroup;
			children = (
				5B39C7B552B5EF2CEA1BB614 /* Pods_fypApp.framework */,
			);
			name = Frameworks;
			sourceTree = "<group>";
		};
/* End PBXGroup section */

/* Begin PBXNativeTarget section */
		0E9219DD250F800100CD001B /* fypApp */ = {
			isa = PBXNativeTarget;
			buildConfigurationList = 0E9219F2250F800300CD001B /* Build configuration list for PBXNativeTarget "fypApp" */;
			buildPhases = (
				855FFA7AE09F7AA9807E15A4 /* [CP] Check Pods Manifest.lock */,
				0E9219DA250F800100CD001B /* Sources */,
				0E9219DB250F800100CD001B /* Frameworks */,
				0E9219DC250F800100CD001B /* Resources */,
				8CEBB1F6C220C448663A0AA2 /* [CP] Embed Pods Frameworks */,
			);
			buildRules = (
			);
			dependencies = (
			);
			name = fypApp;
			productName = fypApp;
			productReference = 0E9219DE250F800100CD001B /* fypApp.app */;
			productType = "com.apple.product-type.application";
		};
/* End PBXNativeTarget section */

/* Begin PBXProject section */
		0E9219D6250F800100CD001B /* Project object */ = {
			isa = PBXProject;
			attributes = {
				LastSwiftUpdateCheck = 1170;
				LastUpgradeCheck = 1170;
				ORGANIZATIONNAME = "Bowie Tso";
				TargetAttributes = {
					0E9219DD250F800100CD001B = {
						CreatedOnToolsVersion = 11.7;
					};
				};
			};
			buildConfigurationList = 0E9219D9250F800100CD001B /* Build configuration list for PBXProject "fypApp" */;
			compatibilityVersion = "Xcode 9.3";
			developmentRegion = en;
			hasScannedForEncodings = 0;
			knownRegions = (
				en,
				Base,
			);
			mainGroup = 0E9219D5250F800100CD001B;
			productRefGroup = 0E9219DF250F800100CD001B /* Products */;
			projectDirPath = "";
			projectRoot = "";
			targets = (
				0E9219DD250F800100CD001B /* fypApp */,
			);
		};
/* End PBXProject section */

/* Begin PBXResourcesBuildPhase section */
		0E9219DC250F800100CD001B /* Resources */ = {
			isa = PBXResourcesBuildPhase;
			buildActionMask = 2147483647;
			files = (
				0E9219EE250F800300CD001B /* LaunchScreen.storyboard in Resources */,
				0E9219EB250F800300CD001B /* Preview Assets.xcassets in Resources */,
				0E9219E8250F800300CD001B /* Assets.xcassets in Resources */,
				0E921A02250F83FB00CD001B /* Main.storyboard in Resources */,
			);
			runOnlyForDeploymentPostprocessing = 0;
		};
/* End PBXResourcesBuildPhase section */

/* Begin PBXShellScriptBuildPhase section */
		855FFA7AE09F7AA9807E15A4 /* [CP] Check Pods Manifest.lock */ = {
			isa = PBXShellScriptBuildPhase;
			buildActionMask = 2147483647;
			files = (
			);
			inputFileListPaths = (
			);
			inputPaths = (
				"${PODS_PODFILE_DIR_PATH}/Podfile.lock",
				"${PODS_ROOT}/Manifest.lock",
			);
			name = "[CP] Check Pods Manifest.lock";
			outputFileListPaths = (
			);
			outputPaths = (
				"$(DERIVED_FILE_DIR)/Pods-fypApp-checkManifestLockResult.txt",
			);
			runOnlyForDeploymentPostprocessing = 0;
			shellPath = /bin/sh;
			shellScript = "diff \"${PODS_PODFILE_DIR_PATH}/Podfile.lock\" \"${PODS_ROOT}/Manifest.lock\" > /dev/null\nif [ $? != 0 ] ; then\n    # print error to STDERR\n    echo \"error: The sandbox is not in sync with the Podfile.lock. Run 'pod install' or update your CocoaPods installation.\" >&2\n    exit 1\nfi\n# This output is used by Xcode 'outputs' to avoid re-running this script phase.\necho \"SUCCESS\" > \"${SCRIPT_OUTPUT_FILE_0}\"\n";
			showEnvVarsInLog = 0;
		};
		8CEBB1F6C220C448663A0AA2 /* [CP] Embed Pods Frameworks */ = {
			isa = PBXShellScriptBuildPhase;
			buildActionMask = 2147483647;
			files = (
			);
			inputFileListPaths = (
				"${PODS_ROOT}/Target Support Files/Pods-fypApp/Pods-fypApp-frameworks-${CONFIGURATION}-input-files.xcfilelist",
			);
			name = "[CP] Embed Pods Frameworks";
			outputFileListPaths = (
				"${PODS_ROOT}/Target Support Files/Pods-fypApp/Pods-fypApp-frameworks-${CONFIGURATION}-output-files.xcfilelist",
			);
			runOnlyForDeploymentPostprocessing = 0;
			shellPath = /bin/sh;
			shellScript = "\"${PODS_ROOT}/Target Support Files/Pods-fypApp/Pods-fypApp-frameworks.sh\"\n";
			showEnvVarsInLog = 0;
		};
/* End PBXShellScriptBuildPhase section */

/* Begin PBXSourcesBuildPhase section */
		0E9219DA250F800100CD001B /* Sources */ = {
			isa = PBXSourcesBuildPhase;
			buildActionMask = 2147483647;
			files = (
				0E9219E2250F800100CD001B /* AppDelegate.swift in Sources */,
				0E921A00250F83CE00CD001B /* TabBarController.swift in Sources */,
				0E9219F7250F829D00CD001B /* UIButtonDesignExtension.swift in Sources */,
				0E921A0A250F8ED200CD001B /* RootNavigationController.swift in Sources */,
				0E921A0C250F8F1500CD001B /* RootRouter.swift in Sources */,
				0E921A55250FAA8100CD001B /* TestViewController.swift in Sources */,
				0E921A10250F91E500CD001B /* HomeViewController.swift in Sources */,
				0E921A0E250F8F7100CD001B /* UIStoryBoard+Create.swift in Sources */,
				0E9219FE250F834E00CD001B /* Router.swift in Sources */,
				0E921A08250F85B000CD001B /* BaseViewController.swift in Sources */,
				0E921A06250F846C00CD001B /* BaseNavigationController.swift in Sources */,
				0E9219F9250F82DF00CD001B /* UIViewRoundCornerExtension.swift in Sources */,
				0E9219FB250F830500CD001B /* UIColorInitExtension.swift in Sources */,
			);
			runOnlyForDeploymentPostprocessing = 0;
		};
/* End PBXSourcesBuildPhase section */

/* Begin PBXVariantGroup section */
		0E9219EC250F800300CD001B /* LaunchScreen.storyboard */ = {
			isa = PBXVariantGroup;
			children = (
				0E9219ED250F800300CD001B /* Base */,
			);
			name = LaunchScreen.storyboard;
			sourceTree = "<group>";
		};
/* End PBXVariantGroup section */

/* Begin XCBuildConfiguration section */
		0E9219F0250F800300CD001B /* Debug */ = {
			isa = XCBuildConfiguration;
			buildSettings = {
				ALWAYS_SEARCH_USER_PATHS = NO;
				CLANG_ANALYZER_NONNULL = YES;
				CLANG_ANALYZER_NUMBER_OBJECT_CONVERSION = YES_AGGRESSIVE;
				CLANG_CXX_LANGUAGE_STANDARD = "gnu++14";
				CLANG_CXX_LIBRARY = "libc++";
				CLANG_ENABLE_MODULES = YES;
				CLANG_ENABLE_OBJC_ARC = YES;
				CLANG_ENABLE_OBJC_WEAK = YES;
				CLANG_WARN_BLOCK_CAPTURE_AUTORELEASING = YES;
				CLANG_WARN_BOOL_CONVERSION = YES;
				CLANG_WARN_COMMA = YES;
				CLANG_WARN_CONSTANT_CONVERSION = YES;
				CLANG_WARN_DEPRECATED_OBJC_IMPLEMENTATIONS = YES;
				CLANG_WARN_DIRECT_OBJC_ISA_USAGE = YES_ERROR;
				CLANG_WARN_DOCUMENTATION_COMMENTS = YES;
				CLANG_WARN_EMPTY_BODY = YES;
				CLANG_WARN_ENUM_CONVERSION = YES;
				CLANG_WARN_INFINITE_RECURSION = YES;
				CLANG_WARN_INT_CONVERSION = YES;
				CLANG_WARN_NON_LITERAL_NULL_CONVERSION = YES;
				CLANG_WARN_OBJC_IMPLICIT_RETAIN_SELF = YES;
				CLANG_WARN_OBJC_LITERAL_CONVERSION = YES;
				CLANG_WARN_OBJC_ROOT_CLASS = YES_ERROR;
				CLANG_WARN_RANGE_LOOP_ANALYSIS = YES;
				CLANG_WARN_STRICT_PROTOTYPES = YES;
				CLANG_WARN_SUSPICIOUS_MOVE = YES;
				CLANG_WARN_UNGUARDED_AVAILABILITY = YES_AGGRESSIVE;
				CLANG_WARN_UNREACHABLE_CODE = YES;
				CLANG_WARN__DUPLICATE_METHOD_MATCH = YES;
				COPY_PHASE_STRIP = NO;
				DEBUG_INFORMATION_FORMAT = dwarf;
				ENABLE_STRICT_OBJC_MSGSEND = YES;
				ENABLE_TESTABILITY = YES;
				GCC_C_LANGUAGE_STANDARD = gnu11;
				GCC_DYNAMIC_NO_PIC = NO;
				GCC_NO_COMMON_BLOCKS = YES;
				GCC_OPTIMIZATION_LEVEL = 0;
				GCC_PREPROCESSOR_DEFINITIONS = (
					"DEBUG=1",
					"$(inherited)",
				);
				GCC_WARN_64_TO_32_BIT_CONVERSION = YES;
				GCC_WARN_ABOUT_RETURN_TYPE = YES_ERROR;
				GCC_WARN_UNDECLARED_SELECTOR = YES;
				GCC_WARN_UNINITIALIZED_AUTOS = YES_AGGRESSIVE;
				GCC_WARN_UNUSED_FUNCTION = YES;
				GCC_WARN_UNUSED_VARIABLE = YES;
				IPHONEOS_DEPLOYMENT_TARGET = 13.7;
				MTL_ENABLE_DEBUG_INFO = INCLUDE_SOURCE;
				MTL_FAST_MATH = YES;
				ONLY_ACTIVE_ARCH = YES;
				SDKROOT = iphoneos;
				SWIFT_ACTIVE_COMPILATION_CONDITIONS = DEBUG;
				SWIFT_OPTIMIZATION_LEVEL = "-Onone";
			};
			name = Debug;
		};
		0E9219F1250F800300CD001B /* Release */ = {
			isa = XCBuildConfiguration;
			buildSettings = {
				ALWAYS_SEARCH_USER_PATHS = NO;
				CLANG_ANALYZER_NONNULL = YES;
				CLANG_ANALYZER_NUMBER_OBJECT_CONVERSION = YES_AGGRESSIVE;
				CLANG_CXX_LANGUAGE_STANDARD = "gnu++14";
				CLANG_CXX_LIBRARY = "libc++";
				CLANG_ENABLE_MODULES = YES;
				CLANG_ENABLE_OBJC_ARC = YES;
				CLANG_ENABLE_OBJC_WEAK = YES;
				CLANG_WARN_BLOCK_CAPTURE_AUTORELEASING = YES;
				CLANG_WARN_BOOL_CONVERSION = YES;
				CLANG_WARN_COMMA = YES;
				CLANG_WARN_CONSTANT_CONVERSION = YES;
				CLANG_WARN_DEPRECATED_OBJC_IMPLEMENTATIONS = YES;
				CLANG_WARN_DIRECT_OBJC_ISA_USAGE = YES_ERROR;
				CLANG_WARN_DOCUMENTATION_COMMENTS = YES;
				CLANG_WARN_EMPTY_BODY = YES;
				CLANG_WARN_ENUM_CONVERSION = YES;
				CLANG_WARN_INFINITE_RECURSION = YES;
				CLANG_WARN_INT_CONVERSION = YES;
				CLANG_WARN_NON_LITERAL_NULL_CONVERSION = YES;
				CLANG_WARN_OBJC_IMPLICIT_RETAIN_SELF = YES;
				CLANG_WARN_OBJC_LITERAL_CONVERSION = YES;
				CLANG_WARN_OBJC_ROOT_CLASS = YES_ERROR;
				CLANG_WARN_RANGE_LOOP_ANALYSIS = YES;
				CLANG_WARN_STRICT_PROTOTYPES = YES;
				CLANG_WARN_SUSPICIOUS_MOVE = YES;
				CLANG_WARN_UNGUARDED_AVAILABILITY = YES_AGGRESSIVE;
				CLANG_WARN_UNREACHABLE_CODE = YES;
				CLANG_WARN__DUPLICATE_METHOD_MATCH = YES;
				COPY_PHASE_STRIP = NO;
				DEBUG_INFORMATION_FORMAT = "dwarf-with-dsym";
				ENABLE_NS_ASSERTIONS = NO;
				ENABLE_STRICT_OBJC_MSGSEND = YES;
				GCC_C_LANGUAGE_STANDARD = gnu11;
				GCC_NO_COMMON_BLOCKS = YES;
				GCC_WARN_64_TO_32_BIT_CONVERSION = YES;
				GCC_WARN_ABOUT_RETURN_TYPE = YES_ERROR;
				GCC_WARN_UNDECLARED_SELECTOR = YES;
				GCC_WARN_UNINITIALIZED_AUTOS = YES_AGGRESSIVE;
				GCC_WARN_UNUSED_FUNCTION = YES;
				GCC_WARN_UNUSED_VARIABLE = YES;
				IPHONEOS_DEPLOYMENT_TARGET = 13.7;
				MTL_ENABLE_DEBUG_INFO = NO;
				MTL_FAST_MATH = YES;
				SDKROOT = iphoneos;
				SWIFT_COMPILATION_MODE = wholemodule;
				SWIFT_OPTIMIZATION_LEVEL = "-O";
				VALIDATE_PRODUCT = YES;
			};
			name = Release;
		};
		0E9219F3250F800300CD001B /* Debug */ = {
			isa = XCBuildConfiguration;
			baseConfigurationReference = 10A2072963DE02C1A4C05AC4 /* Pods-fypApp.debug.xcconfig */;
			buildSettings = {
				ASSETCATALOG_COMPILER_APPICON_NAME = AppIcon;
				CODE_SIGN_STYLE = Automatic;
				DEVELOPMENT_ASSET_PATHS = "\"fypApp/Preview Content\"";
				DEVELOPMENT_TEAM = 9JQ7HF2Q6L;
				ENABLE_PREVIEWS = YES;
				INFOPLIST_FILE = fypApp/Info.plist;
				LD_RUNPATH_SEARCH_PATHS = (
					"$(inherited)",
					"@executable_path/Frameworks",
				);
				PRODUCT_BUNDLE_IDENTIFIER = com.bowie.fypApp;
				PRODUCT_NAME = "$(TARGET_NAME)";
				SWIFT_VERSION = 5.0;
				TARGETED_DEVICE_FAMILY = "1,2";
			};
			name = Debug;
		};
		0E9219F4250F800300CD001B /* Release */ = {
			isa = XCBuildConfiguration;
			baseConfigurationReference = CEE09A49A6B4F116CA2BEF4F /* Pods-fypApp.release.xcconfig */;
			buildSettings = {
				ASSETCATALOG_COMPILER_APPICON_NAME = AppIcon;
				CODE_SIGN_STYLE = Automatic;
				DEVELOPMENT_ASSET_PATHS = "\"fypApp/Preview Content\"";
				DEVELOPMENT_TEAM = 9JQ7HF2Q6L;
				ENABLE_PREVIEWS = YES;
				INFOPLIST_FILE = fypApp/Info.plist;
				LD_RUNPATH_SEARCH_PATHS = (
					"$(inherited)",
					"@executable_path/Frameworks",
				);
				PRODUCT_BUNDLE_IDENTIFIER = com.bowie.fypApp;
				PRODUCT_NAME = "$(TARGET_NAME)";
				SWIFT_VERSION = 5.0;
				TARGETED_DEVICE_FAMILY = "1,2";
			};
			name = Release;
		};
/* End XCBuildConfiguration section */

/* Begin XCConfigurationList section */
		0E9219D9250F800100CD001B /* Build configuration list for PBXProject "fypApp" */ = {
			isa = XCConfigurationList;
			buildConfigurations = (
				0E9219F0250F800300CD001B /* Debug */,
				0E9219F1250F800300CD001B /* Release */,
			);
			defaultConfigurationIsVisible = 0;
			defaultConfigurationName = Release;
		};
		0E9219F2250F800300CD001B /* Build configuration list for PBXNativeTarget "fypApp" */ = {
			isa = XCConfigurationList;
			buildConfigurations = (
				0E9219F3250F800300CD001B /* Debug */,
				0E9219F4250F800300CD001B /* Release */,
			);
			defaultConfigurationIsVisible = 0;
			defaultConfigurationName = Release;
		};
/* End XCConfigurationList section */
	};
	rootObject = 0E9219D6250F800100CD001B /* Project object */;
}
